
Microsoft Visual Studio Solution File, Format Version 12.00
# Visual Studio 15
VisualStudioVersion = 15.0.28010.2019
MinimumVisualStudioVersion = 10.0.40219.1
Project("{FAE04EC0-301F-11D3-BF4B-00C04F79EFBC}") = "AlgorytmGenetyczny", "AlgorytmGenetyczny\AlgorytmGenetyczny.csproj", "{412081AD-01F8-41BD-81A9-16AB280DC88A}"
EndProject
Global
	GlobalSection(SolutionConfigurationPlatforms) = preSolution
		Debug|Any CPU = Debug|Any CPU
		Release|Any CPU = Release|Any CPU
	EndGlobalSection
	GlobalSection(ProjectConfigurationPlatforms) = postSolution
		{412081AD-01F8-41BD-81A9-16AB280DC88A}.Debug|Any CPU.ActiveCfg = Debug|Any CPU
		{412081AD-01F8-41BD-81A9-16AB280DC88A}.Debug|Any CPU.Build.0 = Debug|Any CPU
		{412081AD-01F8-41BD-81A9-16AB280DC88A}.Release|Any CPU.ActiveCfg = Release|Any CPU
		{412081AD-01F8-41BD-81A9-16AB280DC88A}.Release|Any CPU.Build.0 = Release|Any CPU
	EndGlobalSection
	GlobalSection(SolutionProperties) = preSolution
		HideSolutionNode = FALSE
	EndGlobalSection
	GlobalSection(ExtensibilityGlobals) = postSolution
		SolutionGuid = {0CD8B144-0796-4910-B58B-61895726252A}
	EndGlobalSection
EndGlobal
